
Microsoft Visual Studio Solution File, Format Version 12.00
# Visual Studio 15
VisualStudioVersion = 15.0.27130.2036
MinimumVisualStudioVersion = 10.0.40219.1
Project("{9A19103F-16F7-4668-BE54-9A1E7A4F7556}") = "SiguesCore", "SiguesCore\SiguesCore.csproj", "{2F94E479-B423-49B3-9E5E-C44E2AA74A2F}"
EndProject
Project("{9A19103F-16F7-4668-BE54-9A1E7A4F7556}") = "Service", "Service\Service.csproj", "{C00A29AC-F534-4C25-BDE7-00B90D50DE1A}"
EndProject
Project("{9A19103F-16F7-4668-BE54-9A1E7A4F7556}") = "Model", "Model\Model.csproj", "{0427DA20-84D1-49E8-9846-CE09D1CF2198}"
EndProject
Project("{9A19103F-16F7-4668-BE54-9A1E7A4F7556}") = "Persistence", "Persistence\Persistence.csproj", "{3AA46027-3023-4648-8DD3-BF7C07C11DE6}"
EndProject
Global
	GlobalSection(SolutionConfigurationPlatforms) = preSolution
		Debug|Any CPU = Debug|Any CPU
		Release|Any CPU = Release|Any CPU
	EndGlobalSection
	GlobalSection(ProjectConfigurationPlatforms) = postSolution
		{2F94E479-B423-49B3-9E5E-C44E2AA74A2F}.Debug|Any CPU.ActiveCfg = Debug|Any CPU
		{2F94E479-B423-49B3-9E5E-C44E2AA74A2F}.Debug|Any CPU.Build.0 = Debug|Any CPU
		{2F94E479-B423-49B3-9E5E-C44E2AA74A2F}.Release|Any CPU.ActiveCfg = Release|Any CPU
		{2F94E479-B423-49B3-9E5E-C44E2AA74A2F}.Release|Any CPU.Build.0 = Release|Any CPU
		{C00A29AC-F534-4C25-BDE7-00B90D50DE1A}.Debug|Any CPU.ActiveCfg = Debug|Any CPU
		{C00A29AC-F534-4C25-BDE7-00B90D50DE1A}.Debug|Any CPU.Build.0 = Debug|Any CPU
		{C00A29AC-F534-4C25-BDE7-00B90D50DE1A}.Release|Any CPU.ActiveCfg = Release|Any CPU
		{C00A29AC-F534-4C25-BDE7-00B90D50DE1A}.Release|Any CPU.Build.0 = Release|Any CPU
		{0427DA20-84D1-49E8-9846-CE09D1CF2198}.Debug|Any CPU.ActiveCfg = Debug|Any CPU
		{0427DA20-84D1-49E8-9846-CE09D1CF2198}.Debug|Any CPU.Build.0 = Debug|Any CPU
		{0427DA20-84D1-49E8-9846-CE09D1CF2198}.Release|Any CPU.ActiveCfg = Release|Any CPU
		{0427DA20-84D1-49E8-9846-CE09D1CF2198}.Release|Any CPU.Build.0 = Release|Any CPU
		{3AA46027-3023-4648-8DD3-BF7C07C11DE6}.Debug|Any CPU.ActiveCfg = Debug|Any CPU
		{3AA46027-3023-4648-8DD3-BF7C07C11DE6}.Debug|Any CPU.Build.0 = Debug|Any CPU
		{3AA46027-3023-4648-8DD3-BF7C07C11DE6}.Release|Any CPU.ActiveCfg = Release|Any CPU
		{3AA46027-3023-4648-8DD3-BF7C07C11DE6}.Release|Any CPU.Build.0 = Release|Any CPU
	EndGlobalSection
	GlobalSection(SolutionProperties) = preSolution
		HideSolutionNode = FALSE
	EndGlobalSection
	GlobalSection(ExtensibilityGlobals) = postSolution
		SolutionGuid = {E2DD70FC-013C-44D1-940C-67743E959738}
	EndGlobalSection
EndGlobal
